
Microsoft Visual Studio Solution File, Format Version 12.00
# Visual Studio Version 16
VisualStudioVersion = 16.0.28803.156
MinimumVisualStudioVersion = 10.0.40219.1
Project("{FAE04EC0-301F-11D3-BF4B-00C04F79EFBC}") = "StringUtil", "StringUtil\StringUtil.csproj", "{4E0C28C7-68E3-4984-B39E-EE48E9D34022}"
EndProject
Global
	GlobalSection(SolutionConfigurationPlatforms) = preSolution
		Debug|Any CPU = Debug|Any CPU
		Release|Any CPU = Release|Any CPU
	EndGlobalSection
	GlobalSection(ProjectConfigurationPlatforms) = postSolution
		{4E0C28C7-68E3-4984-B39E-EE48E9D34022}.Debug|Any CPU.ActiveCfg = Debug|Any CPU
		{4E0C28C7-68E3-4984-B39E-EE48E9D34022}.Debug|Any CPU.Build.0 = Debug|Any CPU
		{4E0C28C7-68E3-4984-B39E-EE48E9D34022}.Release|Any CPU.ActiveCfg = Release|Any CPU
		{4E0C28C7-68E3-4984-B39E-EE48E9D34022}.Release|Any CPU.Build.0 = Release|Any CPU
	EndGlobalSection
	GlobalSection(SolutionProperties) = preSolution
		HideSolutionNode = FALSE
	EndGlobalSection
	GlobalSection(ExtensibilityGlobals) = postSolution
		SolutionGuid = {9951C013-8AF7-4DDA-A61A-92B45100B073}
	EndGlobalSection
EndGlobal
